
Microsoft Visual Studio Solution File, Format Version 12.00
# Visual Studio Version 16
VisualStudioVersion = 16.0.30804.86
MinimumVisualStudioVersion = 10.0.40219.1
Project("{FAE04EC0-301F-11D3-BF4B-00C04F79EFBC}") = "CleanArchitecture.Dominio", "CleanArchitecture.Dominio\CleanArchitecture.Dominio.csproj", "{E4E7CCED-A70F-4A3C-BE40-9BC26E74BEF2}"
EndProject
Project("{FAE04EC0-301F-11D3-BF4B-00C04F79EFBC}") = "CleanArchitecture.Infra.Dados", "CleanArchitecture.Infra.Dados\CleanArchitecture.Infra.Dados.csproj", "{9907DAED-49A0-4B08-9899-DC9CE920664F}"
EndProject
Project("{FAE04EC0-301F-11D3-BF4B-00C04F79EFBC}") = "CleanArchitecture.Web.Mvc", "CleanArchitecture.Web.Mvc\CleanArchitecture.Web.Mvc.csproj", "{FA4FBD94-5FB5-4584-9B53-610E6C14317D}"
EndProject
Project("{FAE04EC0-301F-11D3-BF4B-00C04F79EFBC}") = "CleanArchitecture.Aplicacao", "CleanArchitecture.Aplicacao\CleanArchitecture.Aplicacao.csproj", "{86273D0B-AFE4-43EC-B067-25026BA15E86}"
EndProject
Project("{FAE04EC0-301F-11D3-BF4B-00C04F79EFBC}") = "CleanArchitecture.IoC", "CleanArchitecture.IoC\CleanArchitecture.IoC.csproj", "{4B659B38-0073-4E68-B0D8-785E558A077A}"
EndProject
Global
	GlobalSection(SolutionConfigurationPlatforms) = preSolution
		Debug|Any CPU = Debug|Any CPU
		Release|Any CPU = Release|Any CPU
	EndGlobalSection
	GlobalSection(ProjectConfigurationPlatforms) = postSolution
		{E4E7CCED-A70F-4A3C-BE40-9BC26E74BEF2}.Debug|Any CPU.ActiveCfg = Debug|Any CPU
		{E4E7CCED-A70F-4A3C-BE40-9BC26E74BEF2}.Debug|Any CPU.Build.0 = Debug|Any CPU
		{E4E7CCED-A70F-4A3C-BE40-9BC26E74BEF2}.Release|Any CPU.ActiveCfg = Release|Any CPU
		{E4E7CCED-A70F-4A3C-BE40-9BC26E74BEF2}.Release|Any CPU.Build.0 = Release|Any CPU
		{9907DAED-49A0-4B08-9899-DC9CE920664F}.Debug|Any CPU.ActiveCfg = Debug|Any CPU
		{9907DAED-49A0-4B08-9899-DC9CE920664F}.Debug|Any CPU.Build.0 = Debug|Any CPU
		{9907DAED-49A0-4B08-9899-DC9CE920664F}.Release|Any CPU.ActiveCfg = Release|Any CPU
		{9907DAED-49A0-4B08-9899-DC9CE920664F}.Release|Any CPU.Build.0 = Release|Any CPU
		{FA4FBD94-5FB5-4584-9B53-610E6C14317D}.Debug|Any CPU.ActiveCfg = Debug|Any CPU
		{FA4FBD94-5FB5-4584-9B53-610E6C14317D}.Debug|Any CPU.Build.0 = Debug|Any CPU
		{FA4FBD94-5FB5-4584-9B53-610E6C14317D}.Release|Any CPU.ActiveCfg = Release|Any CPU
		{FA4FBD94-5FB5-4584-9B53-610E6C14317D}.Release|Any CPU.Build.0 = Release|Any CPU
		{86273D0B-AFE4-43EC-B067-25026BA15E86}.Debug|Any CPU.ActiveCfg = Debug|Any CPU
		{86273D0B-AFE4-43EC-B067-25026BA15E86}.Debug|Any CPU.Build.0 = Debug|Any CPU
		{86273D0B-AFE4-43EC-B067-25026BA15E86}.Release|Any CPU.ActiveCfg = Release|Any CPU
		{86273D0B-AFE4-43EC-B067-25026BA15E86}.Release|Any CPU.Build.0 = Release|Any CPU
		{4B659B38-0073-4E68-B0D8-785E558A077A}.Debug|Any CPU.ActiveCfg = Debug|Any CPU
		{4B659B38-0073-4E68-B0D8-785E558A077A}.Debug|Any CPU.Build.0 = Debug|Any CPU
		{4B659B38-0073-4E68-B0D8-785E558A077A}.Release|Any CPU.ActiveCfg = Release|Any CPU
		{4B659B38-0073-4E68-B0D8-785E558A077A}.Release|Any CPU.Build.0 = Release|Any CPU
	EndGlobalSection
	GlobalSection(SolutionProperties) = preSolution
		HideSolutionNode = FALSE
	EndGlobalSection
	GlobalSection(ExtensibilityGlobals) = postSolution
		SolutionGuid = {902E80ED-D782-49EF-9F10-4C987661BD5F}
	EndGlobalSection
EndGlobal
